// !$*UTF8*$!
{
	archiveVersion = 1;
	classes = {
	};
	objectVersion = 46;
	objects = {

/* Begin PBXBuildFile section */
		3FCCECC21A82D67000AC74EC /* AppDelegate.swift in Sources */ = {isa = PBXBuildFile; fileRef = 3FCCECC11A82D67000AC74EC /* AppDelegate.swift */; };
		3FCCECC41A82D67100AC74EC /* ViewController.swift in Sources */ = {isa = PBXBuildFile; fileRef = 3FCCECC31A82D67000AC74EC /* ViewController.swift */; };
		3FCCECC71A82D67100AC74EC /* Main.storyboard in Resources */ = {isa = PBXBuildFile; fileRef = 3FCCECC51A82D67100AC74EC /* Main.storyboard */; };
		3FCCECC91A82D67100AC74EC /* Images.xcassets in Resources */ = {isa = PBXBuildFile; fileRef = 3FCCECC81A82D67100AC74EC /* Images.xcassets */; };
		3FCCECCC1A82D67100AC74EC /* LaunchScreen.xib in Resources */ = {isa = PBXBuildFile; fileRef = 3FCCECCA1A82D67100AC74EC /* LaunchScreen.xib */; };
		3FCCECD81A82D67100AC74EC /* ProjectHuntTests.swift in Sources */ = {isa = PBXBuildFile; fileRef = 3FCCECD71A82D67100AC74EC /* ProjectHuntTests.swift */; };
/* End PBXBuildFile section */

/* Begin PBXContainerItemProxy section */
		3FCCECD21A82D67100AC74EC /* PBXContainerItemProxy */ = {
			isa = PBXContainerItemProxy;
			containerPortal = 3FCCECB41A82D67000AC74EC /* Project object */;
			proxyType = 1;
			remoteGlobalIDString = 3FCCECBB1A82D67000AC74EC;
			remoteInfo = ProjectHunt;
		};
/* End PBXContainerItemProxy section */

/* Begin PBXFileReference section */
		3FCCECBC1A82D67000AC74EC /* ProjectHunt.app */ = {isa = PBXFileReference; explicitFileType = wrapper.application; includeInIndex = 0; path = ProjectHunt.app; sourceTree = BUILT_PRODUCTS_DIR; };
		3FCCECC01A82D67000AC74EC /* Info.plist */ = {isa = PBXFileReference; lastKnownFileType = text.plist.xml; path = Info.plist; sourceTree = "<group>"; };
		3FCCECC11A82D67000AC74EC /* AppDelegate.swift */ = {isa = PBXFileReference; lastKnownFileType = sourcecode.swift; path = AppDelegate.swift; sourceTree = "<group>"; };
		3FCCECC31A82D67000AC74EC /* ViewController.swift */ = {isa = PBXFileReference; lastKnownFileType = sourcecode.swift; path = ViewController.swift; sourceTree = "<group>"; };
		3FCCECC61A82D67100AC74EC /* Base */ = {isa = PBXFileReference; lastKnownFileType = file.storyboard; name = Base; path = Base.lproj/Main.storyboard; sourceTree = "<group>"; };
		3FCCECC81A82D67100AC74EC /* Images.xcassets */ = {isa = PBXFileReference; lastKnownFileType = folder.assetcatalog; path = Images.xcassets; sourceTree = "<group>"; };
		3FCCECCB1A82D67100AC74EC /* Base */ = {isa = PBXFileReference; lastKnownFileType = file.xib; name = Base; path = Base.lproj/LaunchScreen.xib; sourceTree = "<group>"; };
		3FCCECD11A82D67100AC74EC /* ProjectHuntTests.xctest */ = {isa = PBXFileReference; explicitFileType = wrapper.cfbundle; includeInIndex = 0; path = ProjectHuntTests.xctest; sourceTree = BUILT_PRODUCTS_DIR; };
		3FCCECD61A82D67100AC74EC /* Info.plist */ = {isa = PBXFileReference; lastKnownFileType = text.plist.xml; path = Info.plist; sourceTree = "<group>"; };
		3FCCECD71A82D67100AC74EC /* ProjectHuntTests.swift */ = {isa = PBXFileReference; lastKnownFileType = sourcecode.swift; path = ProjectHuntTests.swift; sourceTree = "<group>"; };
/* End PBXFileReference section */

/* Begin PBXFrameworksBuildPhase section */
		3FCCECB91A82D67000AC74EC /* Frameworks */ = {
			isa = PBXFrameworksBuildPhase;
			buildActionMask = 2147483647;
			files = (
			);
			runOnlyForDeploymentPostprocessing = 0;
		};
		3FCCECCE1A82D67100AC74EC /* Frameworks */ = {
			isa = PBXFrameworksBuildPhase;
			buildActionMask = 2147483647;
			files = (
			);
			runOnlyForDeploymentPostprocessing = 0;
		};
/* End PBXFrameworksBuildPhase section */

/* Begin PBXGroup section */
		3FCCECB31A82D67000AC74EC = {
			isa = PBXGroup;
			children = (
				3FCCECBE1A82D67000AC74EC /* ProjectHunt */,
				3FCCECD41A82D67100AC74EC /* ProjectHuntTests */,
				3FCCECBD1A82D67000AC74EC /* Products */,
			);
			sourceTree = "<group>";
		};
		3FCCECBD1A82D67000AC74EC /* Products */ = {
			isa = PBXGroup;
			children = (
				3FCCECBC1A82D67000AC74EC /* ProjectHunt.app */,
				3FCCECD11A82D67100AC74EC /* ProjectHuntTests.xctest */,
			);
			name = Products;
			sourceTree = "<group>";
		};
		3FCCECBE1A82D67000AC74EC /* ProjectHunt */ = {
			isa = PBXGroup;
			children = (
				3FCCECC11A82D67000AC74EC /* AppDelegate.swift */,
				3FCCECC31A82D67000AC74EC /* ViewController.swift */,
				3FCCECC51A82D67100AC74EC /* Main.storyboard */,
				3FCCECC81A82D67100AC74EC /* Images.xcassets */,
				3FCCECCA1A82D67100AC74EC /* LaunchScreen.xib */,
				3FCCECBF1A82D67000AC74EC /* Supporting Files */,
			);
			path = ProjectHunt;
			sourceTree = "<group>";
		};
		3FCCECBF1A82D67000AC74EC /* Supporting Files */ = {
			isa = PBXGroup;
			children = (
				3FCCECC01A82D67000AC74EC /* Info.plist */,
			);
			name = "Supporting Files";
			sourceTree = "<group>";
		};
		3FCCECD41A82D67100AC74EC /* ProjectHuntTests */ = {
			isa = PBXGroup;
			children = (
				3FCCECD71A82D67100AC74EC /* ProjectHuntTests.swift */,
				3FCCECD51A82D67100AC74EC /* Supporting Files */,
			);
			path = ProjectHuntTests;
			sourceTree = "<group>";
		};
		3FCCECD51A82D67100AC74EC /* Supporting Files */ = {
			isa = PBXGroup;
			children = (
				3FCCECD61A82D67100AC74EC /* Info.plist */,
			);
			name = "Supporting Files";
			sourceTree = "<group>";
		};
/* End PBXGroup section */

/* Begin PBXNativeTarget section */
		3FCCECBB1A82D67000AC74EC /* ProjectHunt */ = {
			isa = PBXNativeTarget;
			buildConfigurationList = 3FCCECDB1A82D67100AC74EC /* Build configuration list for PBXNativeTarget "ProjectHunt" */;
			buildPhases = (
				3FCCECB81A82D67000AC74EC /* Sources */,
				3FCCECB91A82D67000AC74EC /* Frameworks */,
				3FCCECBA1A82D67000AC74EC /* Resources */,
			);
			buildRules = (
			);
			dependencies = (
			);
			name = ProjectHunt;
			productName = ProjectHunt;
			productReference = 3FCCECBC1A82D67000AC74EC /* ProjectHunt.app */;
			productType = "com.apple.product-type.application";
		};
		3FCCECD01A82D67100AC74EC /* ProjectHuntTests */ = {
			isa = PBXNativeTarget;
			buildConfigurationList = 3FCCECDE1A82D67100AC74EC /* Build configuration list for PBXNativeTarget "ProjectHuntTests" */;
			buildPhases = (
				3FCCECCD1A82D67100AC74EC /* Sources */,
				3FCCECCE1A82D67100AC74EC /* Frameworks */,
				3FCCECCF1A82D67100AC74EC /* Resources */,
			);
			buildRules = (
			);
			dependencies = (
				3FCCECD31A82D67100AC74EC /* PBXTargetDependency */,
			);
			name = ProjectHuntTests;
			productName = ProjectHuntTests;
			productReference = 3FCCECD11A82D67100AC74EC /* ProjectHuntTests.xctest */;
			productType = "com.apple.product-type.bundle.unit-test";
		};
/* End PBXNativeTarget section */

/* Begin PBXProject section */
		3FCCECB41A82D67000AC74EC /* Project object */ = {
			isa = PBXProject;
			attributes = {
				LastUpgradeCheck = 0610;
				ORGANIZATIONNAME = Rush;
				TargetAttributes = {
					3FCCECBB1A82D67000AC74EC = {
						CreatedOnToolsVersion = 6.1;
					};
					3FCCECD01A82D67100AC74EC = {
						CreatedOnToolsVersion = 6.1;
						TestTargetID = 3FCCECBB1A82D67000AC74EC;
					};
				};
			};
			buildConfigurationList = 3FCCECB71A82D67000AC74EC /* Build configuration list for PBXProject "ProjectHunt" */;
			compatibilityVersion = "Xcode 3.2";
			developmentRegion = English;
			hasScannedForEncodings = 0;
			knownRegions = (
				en,
				Base,
			);
			mainGroup = 3FCCECB31A82D67000AC74EC;
			productRefGroup = 3FCCECBD1A82D67000AC74EC /* Products */;
			projectDirPath = "";
			projectRoot = "";
			targets = (
				3FCCECBB1A82D67000AC74EC /* ProjectHunt */,
				3FCCECD01A82D67100AC74EC /* ProjectHuntTests */,
			);
		};
/* End PBXProject section */

/* Begin PBXResourcesBuildPhase section */
		3FCCECBA1A82D67000AC74EC /* Resources */ = {
			isa = PBXResourcesBuildPhase;
			buildActionMask = 2147483647;
			files = (
				3FCCECC71A82D67100AC74EC /* Main.storyboard in Resources */,
				3FCCECCC1A82D67100AC74EC /* LaunchScreen.xib in Resources */,
				3FCCECC91A82D67100AC74EC /* Images.xcassets in Resources */,
			);
			runOnlyForDeploymentPostprocessing = 0;
		};
		3FCCECCF1A82D67100AC74EC /* Resources */ = {
			isa = PBXResourcesBuildPhase;
			buildActionMask = 2147483647;
			files = (
			);
			runOnlyForDeploymentPostprocessing = 0;
		};
/* End PBXResourcesBuildPhase section */

/* Begin PBXSourcesBuildPhase section */
		3FCCECB81A82D67000AC74EC /* Sources */ = {
			isa = PBXSourcesBuildPhase;
			buildActionMask = 2147483647;
			files = (
				3FCCECC41A82D67100AC74EC /* ViewController.swift in Sources */,
				3FCCECC21A82D67000AC74EC /* AppDelegate.swift in Sources */,
			);
			runOnlyForDeploymentPostprocessing = 0;
		};
		3FCCECCD1A82D67100AC74EC /* Sources */ = {
			isa = PBXSourcesBuildPhase;
			buildActionMask = 2147483647;
			files = (
				3FCCECD81A82D67100AC74EC /* ProjectHuntTests.swift in Sources */,
			);
			runOnlyForDeploymentPostprocessing = 0;
		};
/* End PBXSourcesBuildPhase section */

/* Begin PBXTargetDependency section */
		3FCCECD31A82D67100AC74EC /* PBXTargetDependency */ = {
			isa = PBXTargetDependency;
			target = 3FCCECBB1A82D67000AC74EC /* ProjectHunt */;
			targetProxy = 3FCCECD21A82D67100AC74EC /* PBXContainerItemProxy */;
		};
/* End PBXTargetDependency section */

/* Begin PBXVariantGroup section */
		3FCCECC51A82D67100AC74EC /* Main.storyboard */ = {
			isa = PBXVariantGroup;
			children = (
				3FCCECC61A82D67100AC74EC /* Base */,
			);
			name = Main.storyboard;
			sourceTree = "<group>";
		};
		3FCCECCA1A82D67100AC74EC /* LaunchScreen.xib */ = {
			isa = PBXVariantGroup;
			children = (
				3FCCECCB1A82D67100AC74EC /* Base */,
			);
			name = LaunchScreen.xib;
			sourceTree = "<group>";
		};
/* End PBXVariantGroup section */

/* Begin XCBuildConfiguration section */
		3FCCECD91A82D67100AC74EC /* Debug */ = {
			isa = XCBuildConfiguration;
			buildSettings = {
				ALWAYS_SEARCH_USER_PATHS = NO;
				CLANG_CXX_LANGUAGE_STANDARD = "gnu++0x";
				CLANG_CXX_LIBRARY = "libc++";
				CLANG_ENABLE_MODULES = YES;
				CLANG_ENABLE_OBJC_ARC = YES;
				CLANG_WARN_BOOL_CONVERSION = YES;
				CLANG_WARN_CONSTANT_CONVERSION = YES;
				CLANG_WARN_DIRECT_OBJC_ISA_USAGE = YES_ERROR;
				CLANG_WARN_EMPTY_BODY = YES;
				CLANG_WARN_ENUM_CONVERSION = YES;
				CLANG_WARN_INT_CONVERSION = YES;
				CLANG_WARN_OBJC_ROOT_CLASS = YES_ERROR;
				CLANG_WARN_UNREACHABLE_CODE = YES;
				CLANG_WARN__DUPLICATE_METHOD_MATCH = YES;
				"CODE_SIGN_IDENTITY[sdk=iphoneos*]" = "iPhone Developer";
				COPY_PHASE_STRIP = NO;
				ENABLE_STRICT_OBJC_MSGSEND = YES;
				GCC_C_LANGUAGE_STANDARD = gnu99;
				GCC_DYNAMIC_NO_PIC = NO;
				GCC_OPTIMIZATION_LEVEL = 0;
				GCC_PREPROCESSOR_DEFINITIONS = (
					"DEBUG=1",
					"$(inherited)",
				);
				GCC_SYMBOLS_PRIVATE_EXTERN = NO;
				GCC_WARN_64_TO_32_BIT_CONVERSION = YES;
				GCC_WARN_ABOUT_RETURN_TYPE = YES_ERROR;
				GCC_WARN_UNDECLARED_SELECTOR = YES;
				GCC_WARN_UNINITIALIZED_AUTOS = YES_AGGRESSIVE;
				GCC_WARN_UNUSED_FUNCTION = YES;
				GCC_WARN_UNUSED_VARIABLE = YES;
				IPHONEOS_DEPLOYMENT_TARGET = 8.1;
				MTL_ENABLE_DEBUG_INFO = YES;
				ONLY_ACTIVE_ARCH = YES;
				SDKROOT = iphoneos;
				SWIFT_OPTIMIZATION_LEVEL = "-Onone";
				TARGETED_DEVICE_FAMILY = "1,2";
			};
			name = Debug;
		};
		3FCCECDA1A82D67100AC74EC /* Release */ = {
			isa = XCBuildConfiguration;
			buildSettings = {
				ALWAYS_SEARCH_USER_PATHS = NO;
				CLANG_CXX_LANGUAGE_STANDARD = "gnu++0x";
				CLANG_CXX_LIBRARY = "libc++";
				CLANG_ENABLE_MODULES = YES;
				CLANG_ENABLE_OBJC_ARC = YES;
				CLANG_WARN_BOOL_CONVERSION = YES;
				CLANG_WARN_CONSTANT_CONVERSION = YES;
				CLANG_WARN_DIRECT_OBJC_ISA_USAGE = YES_ERROR;
				CLANG_WARN_EMPTY_BODY = YES;
				CLANG_WARN_ENUM_CONVERSION = YES;
				CLANG_WARN_INT_CONVERSION = YES;
				CLANG_WARN_OBJC_ROOT_CLASS = YES_ERROR;
				CLANG_WARN_UNREACHABLE_CODE = YES;
				CLANG_WARN__DUPLICATE_METHOD_MATCH = YES;
				"CODE_SIGN_IDENTITY[sdk=iphoneos*]" = "iPhone Developer";
				COPY_PHASE_STRIP = YES;
				ENABLE_NS_ASSERTIONS = NO;
				ENABLE_STRICT_OBJC_MSGSEND = YES;
				GCC_C_LANGUAGE_STANDARD = gnu99;
				GCC_WARN_64_TO_32_BIT_CONVERSION = YES;
				GCC_WARN_ABOUT_RETURN_TYPE = YES_ERROR;
				GCC_WARN_UNDECLARED_SELECTOR = YES;
				GCC_WARN_UNINITIALIZED_AUTOS = YES_AGGRESSIVE;
				GCC_WARN_UNUSED_FUNCTION = YES;
				GCC_WARN_UNUSED_VARIABLE = YES;
				IPHONEOS_DEPLOYMENT_TARGET = 8.1;
				MTL_ENABLE_DEBUG_INFO = NO;
				SDKROOT = iphoneos;
				TARGETED_DEVICE_FAMILY = "1,2";
				VALIDATE_PRODUCT = YES;
			};
			name = Release;
		};
		3FCCECDC1A82D67100AC74EC /* Debug */ = {
			isa = XCBuildConfiguration;
			buildSettings = {
				ASSETCATALOG_COMPILER_APPICON_NAME = AppIcon;
				INFOPLIST_FILE = ProjectHunt/Info.plist;
				LD_RUNPATH_SEARCH_PATHS = "$(inherited) @executable_path/Frameworks";
				PRODUCT_NAME = "$(TARGET_NAME)";
			};
			name = Debug;
		};
		3FCCECDD1A82D67100AC74EC /* Release */ = {
			isa = XCBuildConfiguration;
			buildSettings = {
				ASSETCATALOG_COMPILER_APPICON_NAME = AppIcon;
				INFOPLIST_FILE = ProjectHunt/Info.plist;
				LD_RUNPATH_SEARCH_PATHS = "$(inherited) @executable_path/Frameworks";
				PRODUCT_NAME = "$(TARGET_NAME)";
			};
			name = Release;
		};
		3FCCECDF1A82D67100AC74EC /* Debug */ = {
			isa = XCBuildConfiguration;
			buildSettings = {
				BUNDLE_LOADER = "$(TEST_HOST)";
				FRAMEWORK_SEARCH_PATHS = (
					"$(SDKROOT)/Developer/Library/Frameworks",
					"$(inherited)",
				);
				GCC_PREPROCESSOR_DEFINITIONS = (
					"DEBUG=1",
					"$(inherited)",
				);
				INFOPLIST_FILE = ProjectHuntTests/Info.plist;
				LD_RUNPATH_SEARCH_PATHS = "$(inherited) @executable_path/Frameworks @loader_path/Frameworks";
				PRODUCT_NAME = "$(TARGET_NAME)";
				TEST_HOST = "$(BUILT_PRODUCTS_DIR)/ProjectHunt.app/ProjectHunt";
			};
			name = Debug;
		};
		3FCCECE01A82D67100AC74EC /* Release */ = {
			isa = XCBuildConfiguration;
			buildSettings = {
				BUNDLE_LOADER = "$(TEST_HOST)";
				FRAMEWORK_SEARCH_PATHS = (
					"$(SDKROOT)/Developer/Library/Frameworks",
					"$(inherited)",
				);
				INFOPLIST_FILE = ProjectHuntTests/Info.plist;
				LD_RUNPATH_SEARCH_PATHS = "$(inherited) @executable_path/Frameworks @loader_path/Frameworks";
				PRODUCT_NAME = "$(TARGET_NAME)";
				TEST_HOST = "$(BUILT_PRODUCTS_DIR)/ProjectHunt.app/ProjectHunt";
			};
			name = Release;
		};
/* End XCBuildConfiguration section */

/* Begin XCConfigurationList section */
		3FCCECB71A82D67000AC74EC /* Build configuration list for PBXProject "ProjectHunt" */ = {
			isa = XCConfigurationList;
			buildConfigurations = (
				3FCCECD91A82D67100AC74EC /* Debug */,
				3FCCECDA1A82D67100AC74EC /* Release */,
			);
			defaultConfigurationIsVisible = 0;
			defaultConfigurationName = Release;
		};
		3FCCECDB1A82D67100AC74EC /* Build configuration list for PBXNativeTarget "ProjectHunt" */ = {
			isa = XCConfigurationList;
			buildConfigurations = (
				3FCCECDC1A82D67100AC74EC /* Debug */,
				3FCCECDD1A82D67100AC74EC /* Release */,
			);
			defaultConfigurationIsVisible = 0;
		};
		3FCCECDE1A82D67100AC74EC /* Build configuration list for PBXNativeTarget "ProjectHuntTests" */ = {
			isa = XCConfigurationList;
			buildConfigurations = (
				3FCCECDF1A82D67100AC74EC /* Debug */,
				3FCCECE01A82D67100AC74EC /* Release */,
			);
			defaultConfigurationIsVisible = 0;
		};
/* End XCConfigurationList section */
	};
	rootObject = 3FCCECB41A82D67000AC74EC /* Project object */;
}
